from abc import ABC, abstractmethod

# Abstract Product: Faculty
class Faculty(ABC):
    @abstractmethod
    def display_info(self):
        pass

# Concrete Product: EngineeringFaculty
class EngineeringFaculty(Faculty):
    def display_info(self):
        return "Engineering Faculty"

# Concrete Product: BusinessFaculty
class BusinessFaculty(Faculty):
    def display_info(self):
        return "Business Faculty"

# Abstract Product: Department
class Department(ABC):
    @abstractmethod
    def display_info(self):
        pass

# Concrete Product: ComputerScienceDepartment
class ComputerScienceDepartment(Department):
    def display_info(self):
        return "Computer Science Department"

# Concrete Product: MarketingDepartment
class MarketingDepartment(Department):
    def display_info(self):
        return "Marketing Department"

# Abstract Factory: UniversityFactory
class UniversityFactory(ABC):
    @abstractmethod
    def create_faculty(self) -> Faculty:
        pass

    @abstractmethod
    def create_department(self) -> Department:
        pass

# Concrete Factory: EngineeringUniversityFactory
class EngineeringUniversityFactory(UniversityFactory):
    def create_faculty(self) -> Faculty:
        return EngineeringFaculty()

    def create_department(self) -> Department:
        return ComputerScienceDepartment()

# Concrete Factory: BusinessUniversityFactory
class BusinessUniversityFactory(UniversityFactory):
    def create_faculty(self) -> Faculty:
        return BusinessFaculty()

    def create_department(self) -> Department:
        return MarketingDepartment()

# Client Code
def main():
    # Choose the type of university you want to create
    factory = EngineeringUniversityFactory()
    # factory = BusinessUniversityFactory()

    # Create the university components
    faculty = factory.create_faculty()
    department = factory.create_department()

    # Display information about the university components
    print("Faculty:", faculty.display_info())
    print("Department:", department.display_info())

if __name__ == "__main__":
    main()
